
Microsoft Visual Studio Solution File, Format Version 12.00
# Visual Studio Version 16
VisualStudioVersion = 16.0.30204.135
MinimumVisualStudioVersion = 10.0.40219.1
Project("{FAE04EC0-301F-11D3-BF4B-00C04F79EFBC}") = "Agenda2020", "Agenda2020\Agenda2020.csproj", "{DC7B77A1-BFBC-46E3-B1C3-5D91EB91756C}"
EndProject
Global
	GlobalSection(SolutionConfigurationPlatforms) = preSolution
		Debug|Any CPU = Debug|Any CPU
		Release|Any CPU = Release|Any CPU
	EndGlobalSection
	GlobalSection(ProjectConfigurationPlatforms) = postSolution
		{DC7B77A1-BFBC-46E3-B1C3-5D91EB91756C}.Debug|Any CPU.ActiveCfg = Debug|Any CPU
		{DC7B77A1-BFBC-46E3-B1C3-5D91EB91756C}.Debug|Any CPU.Build.0 = Debug|Any CPU
		{DC7B77A1-BFBC-46E3-B1C3-5D91EB91756C}.Release|Any CPU.ActiveCfg = Release|Any CPU
		{DC7B77A1-BFBC-46E3-B1C3-5D91EB91756C}.Release|Any CPU.Build.0 = Release|Any CPU
	EndGlobalSection
	GlobalSection(SolutionProperties) = preSolution
		HideSolutionNode = FALSE
	EndGlobalSection
	GlobalSection(ExtensibilityGlobals) = postSolution
		SolutionGuid = {8DAE659C-EB97-4A8D-A386-B89E43A97EC5}
	EndGlobalSection
EndGlobal
